// !$*UTF8*$!
{
	archiveVersion = 1;
	classes = {
	};
	objectVersion = 50;
	objects = {

/* Begin PBXBuildFile section */
		DB3BE0E023A47EC10075A7E6 /* AppDelegate.swift in Sources */ = {isa = PBXBuildFile; fileRef = DB3BE0DF23A47EC10075A7E6 /* AppDelegate.swift */; };
		DB3BE0E923A47EC30075A7E6 /* Assets.xcassets in Resources */ = {isa = PBXBuildFile; fileRef = DB3BE0E823A47EC30075A7E6 /* Assets.xcassets */; };
		DB3BE0EC23A47EC30075A7E6 /* LaunchScreen.storyboard in Resources */ = {isa = PBXBuildFile; fileRef = DB3BE0EA23A47EC30075A7E6 /* LaunchScreen.storyboard */; };
		DB3BE0F723A47EC40075A7E6 /* QantasMoneyChallengeTests.swift in Sources */ = {isa = PBXBuildFile; fileRef = DB3BE0F623A47EC40075A7E6 /* QantasMoneyChallengeTests.swift */; };
		DB3BE10223A47EC40075A7E6 /* QantasMoneyChallengeUITests.swift in Sources */ = {isa = PBXBuildFile; fileRef = DB3BE10123A47EC40075A7E6 /* QantasMoneyChallengeUITests.swift */; };
		DB3BE11223A4A2410075A7E6 /* AccountCoordinator.swift in Sources */ = {isa = PBXBuildFile; fileRef = DB3BE11123A4A2410075A7E6 /* AccountCoordinator.swift */; };
		DB3BE11423A58ED90075A7E6 /* AccountClient.swift in Sources */ = {isa = PBXBuildFile; fileRef = DB3BE11323A58ED90075A7E6 /* AccountClient.swift */; };
		DB3BE11E23A5DE560075A7E6 /* AccountService.swift in Sources */ = {isa = PBXBuildFile; fileRef = DB3BE11D23A5DE560075A7E6 /* AccountService.swift */; };
/* End PBXBuildFile section */

/* Begin PBXContainerItemProxy section */
		DB3BE0F323A47EC30075A7E6 /* PBXContainerItemProxy */ = {
			isa = PBXContainerItemProxy;
			containerPortal = DB3BE0D423A47EC10075A7E6 /* Project object */;
			proxyType = 1;
			remoteGlobalIDString = DB3BE0DB23A47EC10075A7E6;
			remoteInfo = QantasMoneyChallenge;
		};
		DB3BE0FE23A47EC40075A7E6 /* PBXContainerItemProxy */ = {
			isa = PBXContainerItemProxy;
			containerPortal = DB3BE0D423A47EC10075A7E6 /* Project object */;
			proxyType = 1;
			remoteGlobalIDString = DB3BE0DB23A47EC10075A7E6;
			remoteInfo = QantasMoneyChallenge;
		};
/* End PBXContainerItemProxy section */

/* Begin PBXFileReference section */
		DB3BE0DC23A47EC10075A7E6 /* QantasMoneyChallenge.app */ = {isa = PBXFileReference; explicitFileType = wrapper.application; includeInIndex = 0; path = QantasMoneyChallenge.app; sourceTree = BUILT_PRODUCTS_DIR; };
		DB3BE0DF23A47EC10075A7E6 /* AppDelegate.swift */ = {isa = PBXFileReference; lastKnownFileType = sourcecode.swift; path = AppDelegate.swift; sourceTree = "<group>"; };
		DB3BE0E823A47EC30075A7E6 /* Assets.xcassets */ = {isa = PBXFileReference; lastKnownFileType = folder.assetcatalog; path = Assets.xcassets; sourceTree = "<group>"; };
		DB3BE0EB23A47EC30075A7E6 /* Base */ = {isa = PBXFileReference; lastKnownFileType = file.storyboard; name = Base; path = Base.lproj/LaunchScreen.storyboard; sourceTree = "<group>"; };
		DB3BE0ED23A47EC30075A7E6 /* Info.plist */ = {isa = PBXFileReference; lastKnownFileType = text.plist.xml; path = Info.plist; sourceTree = "<group>"; };
		DB3BE0F223A47EC30075A7E6 /* QantasMoneyChallengeTests.xctest */ = {isa = PBXFileReference; explicitFileType = wrapper.cfbundle; includeInIndex = 0; path = QantasMoneyChallengeTests.xctest; sourceTree = BUILT_PRODUCTS_DIR; };
		DB3BE0F623A47EC40075A7E6 /* QantasMoneyChallengeTests.swift */ = {isa = PBXFileReference; lastKnownFileType = sourcecode.swift; path = QantasMoneyChallengeTests.swift; sourceTree = "<group>"; };
		DB3BE0F823A47EC40075A7E6 /* Info.plist */ = {isa = PBXFileReference; lastKnownFileType = text.plist.xml; path = Info.plist; sourceTree = "<group>"; };
		DB3BE0FD23A47EC40075A7E6 /* QantasMoneyChallengeUITests.xctest */ = {isa = PBXFileReference; explicitFileType = wrapper.cfbundle; includeInIndex = 0; path = QantasMoneyChallengeUITests.xctest; sourceTree = BUILT_PRODUCTS_DIR; };
		DB3BE10123A47EC40075A7E6 /* QantasMoneyChallengeUITests.swift */ = {isa = PBXFileReference; lastKnownFileType = sourcecode.swift; path = QantasMoneyChallengeUITests.swift; sourceTree = "<group>"; };
		DB3BE10323A47EC40075A7E6 /* Info.plist */ = {isa = PBXFileReference; lastKnownFileType = text.plist.xml; path = Info.plist; sourceTree = "<group>"; };
		DB3BE11123A4A2410075A7E6 /* AccountCoordinator.swift */ = {isa = PBXFileReference; lastKnownFileType = sourcecode.swift; path = AccountCoordinator.swift; sourceTree = "<group>"; };
		DB3BE11323A58ED90075A7E6 /* AccountClient.swift */ = {isa = PBXFileReference; lastKnownFileType = sourcecode.swift; path = AccountClient.swift; sourceTree = "<group>"; };
		DB3BE11D23A5DE560075A7E6 /* AccountService.swift */ = {isa = PBXFileReference; lastKnownFileType = sourcecode.swift; path = AccountService.swift; sourceTree = "<group>"; };
/* End PBXFileReference section */

/* Begin PBXFrameworksBuildPhase section */
		DB3BE0D923A47EC10075A7E6 /* Frameworks */ = {
			isa = PBXFrameworksBuildPhase;
			buildActionMask = 2147483647;
			files = (
			);
			runOnlyForDeploymentPostprocessing = 0;
		};
		DB3BE0EF23A47EC30075A7E6 /* Frameworks */ = {
			isa = PBXFrameworksBuildPhase;
			buildActionMask = 2147483647;
			files = (
			);
			runOnlyForDeploymentPostprocessing = 0;
		};
		DB3BE0FA23A47EC40075A7E6 /* Frameworks */ = {
			isa = PBXFrameworksBuildPhase;
			buildActionMask = 2147483647;
			files = (
			);
			runOnlyForDeploymentPostprocessing = 0;
		};
/* End PBXFrameworksBuildPhase section */

/* Begin PBXGroup section */
		DB3BE0D323A47EC10075A7E6 = {
			isa = PBXGroup;
			children = (
				DB3BE0DE23A47EC10075A7E6 /* QantasMoneyChallenge */,
				DB3BE0F523A47EC30075A7E6 /* QantasMoneyChallengeTests */,
				DB3BE10023A47EC40075A7E6 /* QantasMoneyChallengeUITests */,
				DB3BE0DD23A47EC10075A7E6 /* Products */,
			);
			sourceTree = "<group>";
		};
		DB3BE0DD23A47EC10075A7E6 /* Products */ = {
			isa = PBXGroup;
			children = (
				DB3BE0DC23A47EC10075A7E6 /* QantasMoneyChallenge.app */,
				DB3BE0F223A47EC30075A7E6 /* QantasMoneyChallengeTests.xctest */,
				DB3BE0FD23A47EC40075A7E6 /* QantasMoneyChallengeUITests.xctest */,
			);
			name = Products;
			sourceTree = "<group>";
		};
		DB3BE0DE23A47EC10075A7E6 /* QantasMoneyChallenge */ = {
			isa = PBXGroup;
			children = (
				DB3BE0DF23A47EC10075A7E6 /* AppDelegate.swift */,
				DB3BE0E823A47EC30075A7E6 /* Assets.xcassets */,
				DB3BE0EA23A47EC30075A7E6 /* LaunchScreen.storyboard */,
				DB3BE0ED23A47EC30075A7E6 /* Info.plist */,
				DB3BE11123A4A2410075A7E6 /* AccountCoordinator.swift */,
				DB3BE11323A58ED90075A7E6 /* AccountClient.swift */,
				DB3BE11523A5D4B80075A7E6 /* AccountViewController.swift */,
				DB3BE11723A5D4DA0075A7E6 /* AccountViewController.xib */,
				DB3BE11923A5D6B80075A7E6 /* AccountCell.swift */,
				DB3BE11B23A5D6E70075A7E6 /* AccountCell.xib */,
				DB3BE11D23A5DE560075A7E6 /* AccountService.swift */,
				DB3BE12123A600250075A7E6 /* TransactionCell.swift */,
				DB3BE12323A600350075A7E6 /* TransactionCell.xib */,
				DB3BE11F23A5FD500075A7E6 /* TransactionViewController.swift */,
				DB3BE12523A6159E0075A7E6 /* TransactionViewController.xib */,
				DB3BE12723A6FFC90075A7E6 /* TransactionDetailsViewController.swift */,
				DB3BE12923A702C90075A7E6 /* TransactionDetailViewController.xib */,
				DB3BE12B23A70EDE0075A7E6 /* README.md */,
			);
			path = QantasMoneyChallenge;
			sourceTree = "<group>";
		};
		DB3BE0F523A47EC30075A7E6 /* QantasMoneyChallengeTests */ = {
			isa = PBXGroup;
			children = (
				DB3BE0F623A47EC40075A7E6 /* QantasMoneyChallengeTests.swift */,
				DB3BE0F823A47EC40075A7E6 /* Info.plist */,
			);
			path = QantasMoneyChallengeTests;
			sourceTree = "<group>";
		};
		DB3BE10023A47EC40075A7E6 /* QantasMoneyChallengeUITests */ = {
			isa = PBXGroup;
			children = (
				DB3BE10123A47EC40075A7E6 /* QantasMoneyChallengeUITests.swift */,
				DB3BE10323A47EC40075A7E6 /* Info.plist */,
			);
			path = QantasMoneyChallengeUITests;
			sourceTree = "<group>";
		};
/* End PBXGroup section */

/* Begin PBXNativeTarget section */
		DB3BE0DB23A47EC10075A7E6 /* QantasMoneyChallenge */ = {
			isa = PBXNativeTarget;
			buildConfigurationList = DB3BE10623A47EC40075A7E6 /* Build configuration list for PBXNativeTarget "QantasMoneyChallenge" */;
			buildPhases = (
				DB3BE0D823A47EC10075A7E6 /* Sources */,
				DB3BE0D923A47EC10075A7E6 /* Frameworks */,
				DB3BE0DA23A47EC10075A7E6 /* Resources */,
			);
			buildRules = (
			);
			dependencies = (
			);
			name = QantasMoneyChallenge;
			productName = QantasMoneyChallenge;
			productReference = DB3BE0DC23A47EC10075A7E6 /* QantasMoneyChallenge.app */;
			productType = "com.apple.product-type.application";
		};
		DB3BE0F123A47EC30075A7E6 /* QantasMoneyChallengeTests */ = {
			isa = PBXNativeTarget;
			buildConfigurationList = DB3BE10923A47EC40075A7E6 /* Build configuration list for PBXNativeTarget "QantasMoneyChallengeTests" */;
			buildPhases = (
				DB3BE0EE23A47EC30075A7E6 /* Sources */,
				DB3BE0EF23A47EC30075A7E6 /* Frameworks */,
				DB3BE0F023A47EC30075A7E6 /* Resources */,
			);
			buildRules = (
			);
			dependencies = (
				DB3BE0F423A47EC30075A7E6 /* PBXTargetDependency */,
			);
			name = QantasMoneyChallengeTests;
			productName = QantasMoneyChallengeTests;
			productReference = DB3BE0F223A47EC30075A7E6 /* QantasMoneyChallengeTests.xctest */;
			productType = "com.apple.product-type.bundle.unit-test";
		};
		DB3BE0FC23A47EC40075A7E6 /* QantasMoneyChallengeUITests */ = {
			isa = PBXNativeTarget;
			buildConfigurationList = DB3BE10C23A47EC40075A7E6 /* Build configuration list for PBXNativeTarget "QantasMoneyChallengeUITests" */;
			buildPhases = (
				DB3BE0F923A47EC40075A7E6 /* Sources */,
				DB3BE0FA23A47EC40075A7E6 /* Frameworks */,
				DB3BE0FB23A47EC40075A7E6 /* Resources */,
			);
			buildRules = (
			);
			dependencies = (
				DB3BE0FF23A47EC40075A7E6 /* PBXTargetDependency */,
			);
			name = QantasMoneyChallengeUITests;
			productName = QantasMoneyChallengeUITests;
			productReference = DB3BE0FD23A47EC40075A7E6 /* QantasMoneyChallengeUITests.xctest */;
			productType = "com.apple.product-type.bundle.ui-testing";
		};
/* End PBXNativeTarget section */

/* Begin PBXProject section */
		DB3BE0D423A47EC10075A7E6 /* Project object */ = {
			isa = PBXProject;
			attributes = {
				LastSwiftUpdateCheck = 1110;
				LastUpgradeCheck = 1110;
				TargetAttributes = {
					DB3BE0DB23A47EC10075A7E6 = {
						CreatedOnToolsVersion = 11.1;
					};
					DB3BE0F123A47EC30075A7E6 = {
						CreatedOnToolsVersion = 11.1;
						TestTargetID = DB3BE0DB23A47EC10075A7E6;
					};
					DB3BE0FC23A47EC40075A7E6 = {
						CreatedOnToolsVersion = 11.1;
						TestTargetID = DB3BE0DB23A47EC10075A7E6;
					};
				};
			};
			buildConfigurationList = DB3BE0D723A47EC10075A7E6 /* Build configuration list for PBXProject "QantasMoneyChallenge" */;
			compatibilityVersion = "Xcode 9.3";
			developmentRegion = en;
			hasScannedForEncodings = 0;
			knownRegions = (
				en,
				Base,
			);
			mainGroup = DB3BE0D323A47EC10075A7E6;
			productRefGroup = DB3BE0DD23A47EC10075A7E6 /* Products */;
			projectDirPath = "";
			projectRoot = "";
			targets = (
				DB3BE0DB23A47EC10075A7E6 /* QantasMoneyChallenge */,
				DB3BE0F123A47EC30075A7E6 /* QantasMoneyChallengeTests */,
				DB3BE0FC23A47EC40075A7E6 /* QantasMoneyChallengeUITests */,
			);
		};
/* End PBXProject section */

/* Begin PBXResourcesBuildPhase section */
		DB3BE0DA23A47EC10075A7E6 /* Resources */ = {
			isa = PBXResourcesBuildPhase;
			buildActionMask = 2147483647;
			files = (
				DB3BE0EC23A47EC30075A7E6 /* LaunchScreen.storyboard in Resources */,
				DB3BE0E923A47EC30075A7E6 /* Assets.xcassets in Resources */,
				DB3BE11823A5D4DA0075A7E6 /* AccountViewController.xib in Resources */,
				DB3BE12423A600350075A7E6 /* TransactionCell.xib in Resources */,
				DB3BE12623A6159E0075A7E6 /* TransactionViewController.xib in Resources */,
			);
			runOnlyForDeploymentPostprocessing = 0;
		};
		DB3BE0F023A47EC30075A7E6 /* Resources */ = {
			isa = PBXResourcesBuildPhase;
			buildActionMask = 2147483647;
			files = (
			);
			runOnlyForDeploymentPostprocessing = 0;
		};
		DB3BE0FB23A47EC40075A7E6 /* Resources */ = {
			isa = PBXResourcesBuildPhase;
			buildActionMask = 2147483647;
			files = (
			);
			runOnlyForDeploymentPostprocessing = 0;
		};
/* End PBXResourcesBuildPhase section */

/* Begin PBXSourcesBuildPhase section */
		DB3BE0D823A47EC10075A7E6 /* Sources */ = {
			isa = PBXSourcesBuildPhase;
			buildActionMask = 2147483647;
			files = (
				DB3BE11E23A5DE560075A7E6 /* AccountService.swift in Sources */,
				DB3BE12823A6FFC90075A7E6 /* TransactionDetailsViewController.swift in Sources */,
				DB3BE12023A5FD500075A7E6 /* TransactionViewController.swift in Sources */,
				DB3BE11423A58ED90075A7E6 /* AccountClient.swift in Sources */,
				DB3BE11A23A5D6B80075A7E6 /* AccountCell.swift in Sources */,
				DB3BE11623A5D4B80075A7E6 /* AccountViewController.swift in Sources */,
				DB3BE0E023A47EC10075A7E6 /* AppDelegate.swift in Sources */,
				DB3BE12223A600250075A7E6 /* TransactionCell.swift in Sources */,
				DB3BE11223A4A2410075A7E6 /* AccountCoordinator.swift in Sources */,
			);
			runOnlyForDeploymentPostprocessing = 0;
		};
		DB3BE0EE23A47EC30075A7E6 /* Sources */ = {
			isa = PBXSourcesBuildPhase;
			buildActionMask = 2147483647;
			files = (
				DB3BE0F723A47EC40075A7E6 /* QantasMoneyChallengeTests.swift in Sources */,
			);
			runOnlyForDeploymentPostprocessing = 0;
		};
		DB3BE0F923A47EC40075A7E6 /* Sources */ = {
			isa = PBXSourcesBuildPhase;
			buildActionMask = 2147483647;
			files = (
				DB3BE10223A47EC40075A7E6 /* QantasMoneyChallengeUITests.swift in Sources */,
			);
			runOnlyForDeploymentPostprocessing = 0;
		};
/* End PBXSourcesBuildPhase section */

/* Begin PBXTargetDependency section */
		DB3BE0F423A47EC30075A7E6 /* PBXTargetDependency */ = {
			isa = PBXTargetDependency;
			target = DB3BE0DB23A47EC10075A7E6 /* QantasMoneyChallenge */;
			targetProxy = DB3BE0F323A47EC30075A7E6 /* PBXContainerItemProxy */;
		};
		DB3BE0FF23A47EC40075A7E6 /* PBXTargetDependency */ = {
			isa = PBXTargetDependency;
			target = DB3BE0DB23A47EC10075A7E6 /* QantasMoneyChallenge */;
			targetProxy = DB3BE0FE23A47EC40075A7E6 /* PBXContainerItemProxy */;
		};
/* End PBXTargetDependency section */

/* Begin PBXVariantGroup section */
		DB3BE0EA23A47EC30075A7E6 /* LaunchScreen.storyboard */ = {
			isa = PBXVariantGroup;
			children = (
				DB3BE0EB23A47EC30075A7E6 /* Base */,
			);
			name = LaunchScreen.storyboard;
			sourceTree = "<group>";
		};
/* End PBXVariantGroup section */

/* Begin XCBuildConfiguration section */
		DB3BE10423A47EC40075A7E6 /* Debug */ = {
			isa = XCBuildConfiguration;
			buildSettings = {
				ALWAYS_SEARCH_USER_PATHS = NO;
				CLANG_ANALYZER_NONNULL = YES;
				CLANG_ANALYZER_NUMBER_OBJECT_CONVERSION = YES_AGGRESSIVE;
				CLANG_CXX_LANGUAGE_STANDARD = "gnu++14";
				CLANG_CXX_LIBRARY = "libc++";
				CLANG_ENABLE_MODULES = YES;
				CLANG_ENABLE_OBJC_ARC = YES;
				CLANG_ENABLE_OBJC_WEAK = YES;
				CLANG_WARN_BLOCK_CAPTURE_AUTORELEASING = YES;
				CLANG_WARN_BOOL_CONVERSION = YES;
				CLANG_WARN_COMMA = YES;
				CLANG_WARN_CONSTANT_CONVERSION = YES;
				CLANG_WARN_DEPRECATED_OBJC_IMPLEMENTATIONS = YES;
				CLANG_WARN_DIRECT_OBJC_ISA_USAGE = YES_ERROR;
				CLANG_WARN_DOCUMENTATION_COMMENTS = YES;
				CLANG_WARN_EMPTY_BODY = YES;
				CLANG_WARN_ENUM_CONVERSION = YES;
				CLANG_WARN_INFINITE_RECURSION = YES;
				CLANG_WARN_INT_CONVERSION = YES;
				CLANG_WARN_NON_LITERAL_NULL_CONVERSION = YES;
				CLANG_WARN_OBJC_IMPLICIT_RETAIN_SELF = YES;
				CLANG_WARN_OBJC_LITERAL_CONVERSION = YES;
				CLANG_WARN_OBJC_ROOT_CLASS = YES_ERROR;
				CLANG_WARN_RANGE_LOOP_ANALYSIS = YES;
				CLANG_WARN_STRICT_PROTOTYPES = YES;
				CLANG_WARN_SUSPICIOUS_MOVE = YES;
				CLANG_WARN_UNGUARDED_AVAILABILITY = YES_AGGRESSIVE;
				CLANG_WARN_UNREACHABLE_CODE = YES;
				CLANG_WARN__DUPLICATE_METHOD_MATCH = YES;
				COPY_PHASE_STRIP = NO;
				DEBUG_INFORMATION_FORMAT = dwarf;
				ENABLE_STRICT_OBJC_MSGSEND = YES;
				ENABLE_TESTABILITY = YES;
				GCC_C_LANGUAGE_STANDARD = gnu11;
				GCC_DYNAMIC_NO_PIC = NO;
				GCC_NO_COMMON_BLOCKS = YES;
				GCC_OPTIMIZATION_LEVEL = 0;
				GCC_PREPROCESSOR_DEFINITIONS = (
					"DEBUG=1",
					"$(inherited)",
				);
				GCC_WARN_64_TO_32_BIT_CONVERSION = YES;
				GCC_WARN_ABOUT_RETURN_TYPE = YES_ERROR;
				GCC_WARN_UNDECLARED_SELECTOR = YES;
				GCC_WARN_UNINITIALIZED_AUTOS = YES_AGGRESSIVE;
				GCC_WARN_UNUSED_FUNCTION = YES;
				GCC_WARN_UNUSED_VARIABLE = YES;
				IPHONEOS_DEPLOYMENT_TARGET = 12.0;
				MTL_ENABLE_DEBUG_INFO = INCLUDE_SOURCE;
				MTL_FAST_MATH = YES;
				ONLY_ACTIVE_ARCH = YES;
				SDKROOT = iphoneos;
				SWIFT_ACTIVE_COMPILATION_CONDITIONS = DEBUG;
				SWIFT_OPTIMIZATION_LEVEL = "-Onone";
			};
			name = Debug;
		};
		DB3BE10523A47EC40075A7E6 /* Release */ = {
			isa = XCBuildConfiguration;
			buildSettings = {
				ALWAYS_SEARCH_USER_PATHS = NO;
				CLANG_ANALYZER_NONNULL = YES;
				CLANG_ANALYZER_NUMBER_OBJECT_CONVERSION = YES_AGGRESSIVE;
				CLANG_CXX_LANGUAGE_STANDARD = "gnu++14";
				CLANG_CXX_LIBRARY = "libc++";
				CLANG_ENABLE_MODULES = YES;
				CLANG_ENABLE_OBJC_ARC = YES;
				CLANG_ENABLE_OBJC_WEAK = YES;
				CLANG_WARN_BLOCK_CAPTURE_AUTORELEASING = YES;
				CLANG_WARN_BOOL_CONVERSION = YES;
				CLANG_WARN_COMMA = YES;
				CLANG_WARN_CONSTANT_CONVERSION = YES;
				CLANG_WARN_DEPRECATED_OBJC_IMPLEMENTATIONS = YES;
				CLANG_WARN_DIRECT_OBJC_ISA_USAGE = YES_ERROR;
				CLANG_WARN_DOCUMENTATION_COMMENTS = YES;
				CLANG_WARN_EMPTY_BODY = YES;
				CLANG_WARN_ENUM_CONVERSION = YES;
				CLANG_WARN_INFINITE_RECURSION = YES;
				CLANG_WARN_INT_CONVERSION = YES;
				CLANG_WARN_NON_LITERAL_NULL_CONVERSION = YES;
				CLANG_WARN_OBJC_IMPLICIT_RETAIN_SELF = YES;
				CLANG_WARN_OBJC_LITERAL_CONVERSION = YES;
				CLANG_WARN_OBJC_ROOT_CLASS = YES_ERROR;
				CLANG_WARN_RANGE_LOOP_ANALYSIS = YES;
				CLANG_WARN_STRICT_PROTOTYPES = YES;
				CLANG_WARN_SUSPICIOUS_MOVE = YES;
				CLANG_WARN_UNGUARDED_AVAILABILITY = YES_AGGRESSIVE;
				CLANG_WARN_UNREACHABLE_CODE = YES;
				CLANG_WARN__DUPLICATE_METHOD_MATCH = YES;
				COPY_PHASE_STRIP = NO;
				DEBUG_INFORMATION_FORMAT = "dwarf-with-dsym";
				ENABLE_NS_ASSERTIONS = NO;
				ENABLE_STRICT_OBJC_MSGSEND = YES;
				GCC_C_LANGUAGE_STANDARD = gnu11;
				GCC_NO_COMMON_BLOCKS = YES;
				GCC_WARN_64_TO_32_BIT_CONVERSION = YES;
				GCC_WARN_ABOUT_RETURN_TYPE = YES_ERROR;
				GCC_WARN_UNDECLARED_SELECTOR = YES;
				GCC_WARN_UNINITIALIZED_AUTOS = YES_AGGRESSIVE;
				GCC_WARN_UNUSED_FUNCTION = YES;
				GCC_WARN_UNUSED_VARIABLE = YES;
				IPHONEOS_DEPLOYMENT_TARGET = 12.0;
				MTL_ENABLE_DEBUG_INFO = NO;
				MTL_FAST_MATH = YES;
				SDKROOT = iphoneos;
				SWIFT_COMPILATION_MODE = wholemodule;
				SWIFT_OPTIMIZATION_LEVEL = "-O";
				VALIDATE_PRODUCT = YES;
			};
			name = Release;
		};
		DB3BE10723A47EC40075A7E6 /* Debug */ = {
			isa = XCBuildConfiguration;
			buildSettings = {
				ASSETCATALOG_COMPILER_APPICON_NAME = AppIcon;
				CODE_SIGN_STYLE = Automatic;
				DEVELOPMENT_TEAM = R7UKVQ6CTW;
				INFOPLIST_FILE = QantasMoneyChallenge/Info.plist;
				LD_RUNPATH_SEARCH_PATHS = (
					"$(inherited)",
					"@executable_path/Frameworks",
				);
				PRODUCT_BUNDLE_IDENTIFIER = com.micah.QantasMoneyChallenge;
				PRODUCT_NAME = "$(TARGET_NAME)";
				SWIFT_VERSION = 5.0;
				TARGETED_DEVICE_FAMILY = "1,2";
			};
			name = Debug;
		};
		DB3BE10823A47EC40075A7E6 /* Release */ = {
			isa = XCBuildConfiguration;
			buildSettings = {
				ASSETCATALOG_COMPILER_APPICON_NAME = AppIcon;
				CODE_SIGN_STYLE = Automatic;
				DEVELOPMENT_TEAM = R7UKVQ6CTW;
				INFOPLIST_FILE = QantasMoneyChallenge/Info.plist;
				LD_RUNPATH_SEARCH_PATHS = (
					"$(inherited)",
					"@executable_path/Frameworks",
				);
				PRODUCT_BUNDLE_IDENTIFIER = com.micah.QantasMoneyChallenge;
				PRODUCT_NAME = "$(TARGET_NAME)";
				SWIFT_VERSION = 5.0;
				TARGETED_DEVICE_FAMILY = "1,2";
			};
			name = Release;
		};
		DB3BE10A23A47EC40075A7E6 /* Debug */ = {
			isa = XCBuildConfiguration;
			buildSettings = {
				ALWAYS_EMBED_SWIFT_STANDARD_LIBRARIES = YES;
				BUNDLE_LOADER = "$(TEST_HOST)";
				CODE_SIGN_STYLE = Automatic;
				DEVELOPMENT_TEAM = R7UKVQ6CTW;
				INFOPLIST_FILE = QantasMoneyChallengeTests/Info.plist;
				IPHONEOS_DEPLOYMENT_TARGET = 13.1;
				LD_RUNPATH_SEARCH_PATHS = (
					"$(inherited)",
					"@executable_path/Frameworks",
					"@loader_path/Frameworks",
				);
				PRODUCT_BUNDLE_IDENTIFIER = com.micah.QantasMoneyChallengeTests;
				PRODUCT_NAME = "$(TARGET_NAME)";
				SWIFT_VERSION = 5.0;
				TARGETED_DEVICE_FAMILY = "1,2";
				TEST_HOST = "$(BUILT_PRODUCTS_DIR)/QantasMoneyChallenge.app/QantasMoneyChallenge";
			};
			name = Debug;
		};
		DB3BE10B23A47EC40075A7E6 /* Release */ = {
			isa = XCBuildConfiguration;
			buildSettings = {
				ALWAYS_EMBED_SWIFT_STANDARD_LIBRARIES = YES;
				BUNDLE_LOADER = "$(TEST_HOST)";
				CODE_SIGN_STYLE = Automatic;
				DEVELOPMENT_TEAM = R7UKVQ6CTW;
				INFOPLIST_FILE = QantasMoneyChallengeTests/Info.plist;
				IPHONEOS_DEPLOYMENT_TARGET = 13.1;
				LD_RUNPATH_SEARCH_PATHS = (
					"$(inherited)",
					"@executable_path/Frameworks",
					"@loader_path/Frameworks",
				);
				PRODUCT_BUNDLE_IDENTIFIER = com.micah.QantasMoneyChallengeTests;
				PRODUCT_NAME = "$(TARGET_NAME)";
				SWIFT_VERSION = 5.0;
				TARGETED_DEVICE_FAMILY = "1,2";
				TEST_HOST = "$(BUILT_PRODUCTS_DIR)/QantasMoneyChallenge.app/QantasMoneyChallenge";
			};
			name = Release;
		};
		DB3BE10D23A47EC40075A7E6 /* Debug */ = {
			isa = XCBuildConfiguration;
			buildSettings = {
				ALWAYS_EMBED_SWIFT_STANDARD_LIBRARIES = YES;
				CODE_SIGN_STYLE = Automatic;
				DEVELOPMENT_TEAM = R7UKVQ6CTW;
				INFOPLIST_FILE = QantasMoneyChallengeUITests/Info.plist;
				LD_RUNPATH_SEARCH_PATHS = (
					"$(inherited)",
					"@executable_path/Frameworks",
					"@loader_path/Frameworks",
				);
				PRODUCT_BUNDLE_IDENTIFIER = com.micah.QantasMoneyChallengeUITests;
				PRODUCT_NAME = "$(TARGET_NAME)";
				SWIFT_VERSION = 5.0;
				TARGETED_DEVICE_FAMILY = "1,2";
				TEST_TARGET_NAME = QantasMoneyChallenge;
			};
			name = Debug;
		};
		DB3BE10E23A47EC40075A7E6 /* Release */ = {
			isa = XCBuildConfiguration;
			buildSettings = {
				ALWAYS_EMBED_SWIFT_STANDARD_LIBRARIES = YES;
				CODE_SIGN_STYLE = Automatic;
				DEVELOPMENT_TEAM = R7UKVQ6CTW;
				INFOPLIST_FILE = QantasMoneyChallengeUITests/Info.plist;
				LD_RUNPATH_SEARCH_PATHS = (
					"$(inherited)",
					"@executable_path/Frameworks",
					"@loader_path/Frameworks",
				);
				PRODUCT_BUNDLE_IDENTIFIER = com.micah.QantasMoneyChallengeUITests;
				PRODUCT_NAME = "$(TARGET_NAME)";
				SWIFT_VERSION = 5.0;
				TARGETED_DEVICE_FAMILY = "1,2";
				TEST_TARGET_NAME = QantasMoneyChallenge;
			};
			name = Release;
		};
/* End XCBuildConfiguration section */

/* Begin XCConfigurationList section */
		DB3BE0D723A47EC10075A7E6 /* Build configuration list for PBXProject "QantasMoneyChallenge" */ = {
			isa = XCConfigurationList;
			buildConfigurations = (
				DB3BE10423A47EC40075A7E6 /* Debug */,
				DB3BE10523A47EC40075A7E6 /* Release */,
			);
			defaultConfigurationIsVisible = 0;
			defaultConfigurationName = Release;
		};
		DB3BE10623A47EC40075A7E6 /* Build configuration list for PBXNativeTarget "QantasMoneyChallenge" */ = {
			isa = XCConfigurationList;
			buildConfigurations = (
				DB3BE10723A47EC40075A7E6 /* Debug */,
				DB3BE10823A47EC40075A7E6 /* Release */,
			);
			defaultConfigurationIsVisible = 0;
			defaultConfigurationName = Release;
		};
		DB3BE10923A47EC40075A7E6 /* Build configuration list for PBXNativeTarget "QantasMoneyChallengeTests" */ = {
			isa = XCConfigurationList;
			buildConfigurations = (
				DB3BE10A23A47EC40075A7E6 /* Debug */,
				DB3BE10B23A47EC40075A7E6 /* Release */,
			);
			defaultConfigurationIsVisible = 0;
			defaultConfigurationName = Release;
		};
		DB3BE10C23A47EC40075A7E6 /* Build configuration list for PBXNativeTarget "QantasMoneyChallengeUITests" */ = {
			isa = XCConfigurationList;
			buildConfigurations = (
				DB3BE10D23A47EC40075A7E6 /* Debug */,
				DB3BE10E23A47EC40075A7E6 /* Release */,
			);
			defaultConfigurationIsVisible = 0;
			defaultConfigurationName = Release;
		};
/* End XCConfigurationList section */
	};
	rootObject = DB3BE0D423A47EC10075A7E6 /* Project object */;
}
